
Microsoft Visual Studio Solution File, Format Version 12.00
# Visual Studio 15
VisualStudioVersion = 15.0.28010.0
MinimumVisualStudioVersion = 10.0.40219.1
Project("{2150E333-8FDC-42A3-9474-1A3956D46DE8}") = "Infrastracture", "Infrastracture", "{60FD1904-594A-4FFC-96B4-D9BD583E6774}"
EndProject
Project("{2150E333-8FDC-42A3-9474-1A3956D46DE8}") = "ArticleSystem", "ArticleSystem", "{75CD9000-843E-4BE7-9907-1AA389210E21}"
EndProject
Project("{9A19103F-16F7-4668-BE54-9A1E7A4F7556}") = "IArticleApplication", "IArticleApplication\IArticleApplication.csproj", "{B59DD8F5-041C-4290-B54C-1712F63F7275}"
EndProject
Project("{9A19103F-16F7-4668-BE54-9A1E7A4F7556}") = "ArticleApplication", "ArticleApplication\ArticleApplication.csproj", "{82C3EB82-5284-4D80-B9FA-6FFE4BD560DE}"
EndProject
Project("{9A19103F-16F7-4668-BE54-9A1E7A4F7556}") = "ArticleDomain", "ArticleDomain\ArticleDomain.csproj", "{E39EEB98-6A7F-4C70-A327-956094E61FD3}"
EndProject
Project("{9A19103F-16F7-4668-BE54-9A1E7A4F7556}") = "UnitTest", "UnitTest\UnitTest.csproj", "{175981F0-20B1-48DD-8DD8-DE1C213DC00F}"
EndProject
Project("{9A19103F-16F7-4668-BE54-9A1E7A4F7556}") = "MemoryRepository", "MemoryRepository\MemoryRepository.csproj", "{F051768E-9D13-4958-9912-EFB1BBA09C2A}"
EndProject
Project("{9A19103F-16F7-4668-BE54-9A1E7A4F7556}") = "QueryService", "QueryService\QueryService.csproj", "{DD279233-7ACF-44CE-B1E3-331F3DD55FA1}"
EndProject
Project("{9A19103F-16F7-4668-BE54-9A1E7A4F7556}") = "Infrastracture.Configuration.Abstractions", "Infrastracture.Configuration.Abstractions\Infrastracture.Configuration.Abstractions.csproj", "{977225C0-B953-4CAD-8035-B54F51E9F2C0}"
EndProject
Project("{9A19103F-16F7-4668-BE54-9A1E7A4F7556}") = "ArticleHost", "ArticleHost\ArticleHost.csproj", "{B2274D5C-6715-455D-962D-86B522AF6699}"
EndProject
Project("{9A19103F-16F7-4668-BE54-9A1E7A4F7556}") = "BlogWeb", "BlogWeb\BlogWeb.csproj", "{2B2A5FF1-1009-4207-B04B-6C11A0E4313C}"
EndProject
Project("{9A19103F-16F7-4668-BE54-9A1E7A4F7556}") = "Infrastracture.Utilities", "Infrastracture.Utilities\Infrastracture.Utilities.csproj", "{B20379FE-3E01-4CF1-B846-BFCD45035B4C}"
EndProject
Project("{9A19103F-16F7-4668-BE54-9A1E7A4F7556}") = "Infrastracture.Configuration", "Infrastracture.Configuration\Infrastracture.Configuration.csproj", "{78781E61-F112-41E0-9EFD-CE46503F5F4F}"
EndProject
Project("{FAE04EC0-301F-11D3-BF4B-00C04F79EFBC}") = "MongoRepository", "MongoRepository\MongoRepository.csproj", "{7BBF4754-FE09-4F65-AC47-7AB2B4FD17D1}"
EndProject
Global
	GlobalSection(SolutionConfigurationPlatforms) = preSolution
		Debug|Any CPU = Debug|Any CPU
		Release|Any CPU = Release|Any CPU
	EndGlobalSection
	GlobalSection(ProjectConfigurationPlatforms) = postSolution
		{B59DD8F5-041C-4290-B54C-1712F63F7275}.Debug|Any CPU.ActiveCfg = Debug|Any CPU
		{B59DD8F5-041C-4290-B54C-1712F63F7275}.Debug|Any CPU.Build.0 = Debug|Any CPU
		{B59DD8F5-041C-4290-B54C-1712F63F7275}.Release|Any CPU.ActiveCfg = Release|Any CPU
		{B59DD8F5-041C-4290-B54C-1712F63F7275}.Release|Any CPU.Build.0 = Release|Any CPU
		{82C3EB82-5284-4D80-B9FA-6FFE4BD560DE}.Debug|Any CPU.ActiveCfg = Debug|Any CPU
		{82C3EB82-5284-4D80-B9FA-6FFE4BD560DE}.Debug|Any CPU.Build.0 = Debug|Any CPU
		{82C3EB82-5284-4D80-B9FA-6FFE4BD560DE}.Release|Any CPU.ActiveCfg = Release|Any CPU
		{82C3EB82-5284-4D80-B9FA-6FFE4BD560DE}.Release|Any CPU.Build.0 = Release|Any CPU
		{E39EEB98-6A7F-4C70-A327-956094E61FD3}.Debug|Any CPU.ActiveCfg = Debug|Any CPU
		{E39EEB98-6A7F-4C70-A327-956094E61FD3}.Debug|Any CPU.Build.0 = Debug|Any CPU
		{E39EEB98-6A7F-4C70-A327-956094E61FD3}.Release|Any CPU.ActiveCfg = Release|Any CPU
		{E39EEB98-6A7F-4C70-A327-956094E61FD3}.Release|Any CPU.Build.0 = Release|Any CPU
		{175981F0-20B1-48DD-8DD8-DE1C213DC00F}.Debug|Any CPU.ActiveCfg = Debug|Any CPU
		{175981F0-20B1-48DD-8DD8-DE1C213DC00F}.Debug|Any CPU.Build.0 = Debug|Any CPU
		{175981F0-20B1-48DD-8DD8-DE1C213DC00F}.Release|Any CPU.ActiveCfg = Release|Any CPU
		{175981F0-20B1-48DD-8DD8-DE1C213DC00F}.Release|Any CPU.Build.0 = Release|Any CPU
		{F051768E-9D13-4958-9912-EFB1BBA09C2A}.Debug|Any CPU.ActiveCfg = Debug|Any CPU
		{F051768E-9D13-4958-9912-EFB1BBA09C2A}.Debug|Any CPU.Build.0 = Debug|Any CPU
		{F051768E-9D13-4958-9912-EFB1BBA09C2A}.Release|Any CPU.ActiveCfg = Release|Any CPU
		{F051768E-9D13-4958-9912-EFB1BBA09C2A}.Release|Any CPU.Build.0 = Release|Any CPU
		{DD279233-7ACF-44CE-B1E3-331F3DD55FA1}.Debug|Any CPU.ActiveCfg = Debug|Any CPU
		{DD279233-7ACF-44CE-B1E3-331F3DD55FA1}.Debug|Any CPU.Build.0 = Debug|Any CPU
		{DD279233-7ACF-44CE-B1E3-331F3DD55FA1}.Release|Any CPU.ActiveCfg = Release|Any CPU
		{DD279233-7ACF-44CE-B1E3-331F3DD55FA1}.Release|Any CPU.Build.0 = Release|Any CPU
		{977225C0-B953-4CAD-8035-B54F51E9F2C0}.Debug|Any CPU.ActiveCfg = Debug|Any CPU
		{977225C0-B953-4CAD-8035-B54F51E9F2C0}.Debug|Any CPU.Build.0 = Debug|Any CPU
		{977225C0-B953-4CAD-8035-B54F51E9F2C0}.Release|Any CPU.ActiveCfg = Release|Any CPU
		{977225C0-B953-4CAD-8035-B54F51E9F2C0}.Release|Any CPU.Build.0 = Release|Any CPU
		{B2274D5C-6715-455D-962D-86B522AF6699}.Debug|Any CPU.ActiveCfg = Debug|Any CPU
		{B2274D5C-6715-455D-962D-86B522AF6699}.Debug|Any CPU.Build.0 = Debug|Any CPU
		{B2274D5C-6715-455D-962D-86B522AF6699}.Release|Any CPU.ActiveCfg = Release|Any CPU
		{B2274D5C-6715-455D-962D-86B522AF6699}.Release|Any CPU.Build.0 = Release|Any CPU
		{2B2A5FF1-1009-4207-B04B-6C11A0E4313C}.Debug|Any CPU.ActiveCfg = Debug|Any CPU
		{2B2A5FF1-1009-4207-B04B-6C11A0E4313C}.Debug|Any CPU.Build.0 = Debug|Any CPU
		{2B2A5FF1-1009-4207-B04B-6C11A0E4313C}.Release|Any CPU.ActiveCfg = Release|Any CPU
		{2B2A5FF1-1009-4207-B04B-6C11A0E4313C}.Release|Any CPU.Build.0 = Release|Any CPU
		{B20379FE-3E01-4CF1-B846-BFCD45035B4C}.Debug|Any CPU.ActiveCfg = Debug|Any CPU
		{B20379FE-3E01-4CF1-B846-BFCD45035B4C}.Debug|Any CPU.Build.0 = Debug|Any CPU
		{B20379FE-3E01-4CF1-B846-BFCD45035B4C}.Release|Any CPU.ActiveCfg = Release|Any CPU
		{B20379FE-3E01-4CF1-B846-BFCD45035B4C}.Release|Any CPU.Build.0 = Release|Any CPU
		{78781E61-F112-41E0-9EFD-CE46503F5F4F}.Debug|Any CPU.ActiveCfg = Debug|Any CPU
		{78781E61-F112-41E0-9EFD-CE46503F5F4F}.Debug|Any CPU.Build.0 = Debug|Any CPU
		{78781E61-F112-41E0-9EFD-CE46503F5F4F}.Release|Any CPU.ActiveCfg = Release|Any CPU
		{78781E61-F112-41E0-9EFD-CE46503F5F4F}.Release|Any CPU.Build.0 = Release|Any CPU
		{7BBF4754-FE09-4F65-AC47-7AB2B4FD17D1}.Debug|Any CPU.ActiveCfg = Debug|Any CPU
		{7BBF4754-FE09-4F65-AC47-7AB2B4FD17D1}.Debug|Any CPU.Build.0 = Debug|Any CPU
		{7BBF4754-FE09-4F65-AC47-7AB2B4FD17D1}.Release|Any CPU.ActiveCfg = Release|Any CPU
		{7BBF4754-FE09-4F65-AC47-7AB2B4FD17D1}.Release|Any CPU.Build.0 = Release|Any CPU
	EndGlobalSection
	GlobalSection(SolutionProperties) = preSolution
		HideSolutionNode = FALSE
	EndGlobalSection
	GlobalSection(NestedProjects) = preSolution
		{B59DD8F5-041C-4290-B54C-1712F63F7275} = {75CD9000-843E-4BE7-9907-1AA389210E21}
		{82C3EB82-5284-4D80-B9FA-6FFE4BD560DE} = {75CD9000-843E-4BE7-9907-1AA389210E21}
		{E39EEB98-6A7F-4C70-A327-956094E61FD3} = {75CD9000-843E-4BE7-9907-1AA389210E21}
		{F051768E-9D13-4958-9912-EFB1BBA09C2A} = {75CD9000-843E-4BE7-9907-1AA389210E21}
		{DD279233-7ACF-44CE-B1E3-331F3DD55FA1} = {75CD9000-843E-4BE7-9907-1AA389210E21}
		{977225C0-B953-4CAD-8035-B54F51E9F2C0} = {60FD1904-594A-4FFC-96B4-D9BD583E6774}
		{B20379FE-3E01-4CF1-B846-BFCD45035B4C} = {60FD1904-594A-4FFC-96B4-D9BD583E6774}
		{78781E61-F112-41E0-9EFD-CE46503F5F4F} = {60FD1904-594A-4FFC-96B4-D9BD583E6774}
		{7BBF4754-FE09-4F65-AC47-7AB2B4FD17D1} = {75CD9000-843E-4BE7-9907-1AA389210E21}
	EndGlobalSection
	GlobalSection(ExtensibilityGlobals) = postSolution
		SolutionGuid = {B2C3128F-F1DD-419B-978F-EB1389933843}
	EndGlobalSection
EndGlobal
