
Microsoft Visual Studio Solution File, Format Version 12.00
# Visual Studio 15
VisualStudioVersion = 15.0.28010.0
MinimumVisualStudioVersion = 10.0.40219.1
Project("{2150E333-8FDC-42A3-9474-1A3956D46DE8}") = "Infrastracture", "Infrastracture", "{60FD1904-594A-4FFC-96B4-D9BD583E6774}"
EndProject
Project("{2150E333-8FDC-42A3-9474-1A3956D46DE8}") = "ArticleSystem", "ArticleSystem", "{75CD9000-843E-4BE7-9907-1AA389210E21}"
EndProject
Project("{9A19103F-16F7-4668-BE54-9A1E7A4F7556}") = "IArticleApplication", "IArticleApplication\IArticleApplication.csproj", "{B59DD8F5-041C-4290-B54C-1712F63F7275}"
EndProject
Project("{9A19103F-16F7-4668-BE54-9A1E7A4F7556}") = "ArticleApplication", "ArticleApplication\ArticleApplication.csproj", "{82C3EB82-5284-4D80-B9FA-6FFE4BD560DE}"
EndProject
Project("{9A19103F-16F7-4668-BE54-9A1E7A4F7556}") = "ArticleDomain", "ArticleDomain\ArticleDomain.csproj", "{E39EEB98-6A7F-4C70-A327-956094E61FD3}"
EndProject
Project("{9A19103F-16F7-4668-BE54-9A1E7A4F7556}") = "BlogWeb", "BlogWeb\BlogWeb.csproj", "{2B2A5FF1-1009-4207-B04B-6C11A0E4313C}"
EndProject
Project("{9A19103F-16F7-4668-BE54-9A1E7A4F7556}") = "Infrastracture.Utilities", "Infrastracture.Utilities\Infrastracture.Utilities.csproj", "{B20379FE-3E01-4CF1-B846-BFCD45035B4C}"
EndProject
Project("{9A19103F-16F7-4668-BE54-9A1E7A4F7556}") = "Infrastracture.Configuration", "Infrastracture.Configuration\Infrastracture.Configuration.csproj", "{78781E61-F112-41E0-9EFD-CE46503F5F4F}"
EndProject
Project("{9A19103F-16F7-4668-BE54-9A1E7A4F7556}") = "Infrastracture.Configuration.Abstractions", "Infrastracture.Configuration.Abstractions\Infrastracture.Configuration.Abstractions.csproj", "{2A33E5AA-7330-432C-B7CC-5C7B1570B3DC}"
EndProject
Project("{2150E333-8FDC-42A3-9474-1A3956D46DE8}") = "Repositories", "Repositories", "{ADD4EF37-2AA5-483D-84D4-235F54198459}"
EndProject
Project("{2150E333-8FDC-42A3-9474-1A3956D46DE8}") = "BlogWeb", "BlogWeb", "{1EF7446E-09E3-4C5A-934A-D16E9243D21C}"
EndProject
Project("{9A19103F-16F7-4668-BE54-9A1E7A4F7556}") = "BlogWeb.QueryService", "BlogWeb.QueryService\BlogWeb.QueryService.csproj", "{4ADBAF4D-D267-406F-9EF3-E90C771AFFF4}"
EndProject
Project("{9A19103F-16F7-4668-BE54-9A1E7A4F7556}") = "FileRepository", "FileRepository\FileRepository.csproj", "{EDF9A618-83FE-4061-AFDC-57D20ADDD959}"
EndProject
Project("{9A19103F-16F7-4668-BE54-9A1E7A4F7556}") = "Zaaby.DDD.EventBus.RabbitMQ", "Zaaby.DDD.EventBus.RabbitMQ\Zaaby.DDD.EventBus.RabbitMQ.csproj", "{9425B5A0-53BF-43F0-A328-56B1635FB7C9}"
EndProject
Global
	GlobalSection(SolutionConfigurationPlatforms) = preSolution
		Debug|Any CPU = Debug|Any CPU
		Release|Any CPU = Release|Any CPU
	EndGlobalSection
	GlobalSection(ProjectConfigurationPlatforms) = postSolution
		{B59DD8F5-041C-4290-B54C-1712F63F7275}.Debug|Any CPU.ActiveCfg = Debug|Any CPU
		{B59DD8F5-041C-4290-B54C-1712F63F7275}.Debug|Any CPU.Build.0 = Debug|Any CPU
		{B59DD8F5-041C-4290-B54C-1712F63F7275}.Release|Any CPU.ActiveCfg = Release|Any CPU
		{B59DD8F5-041C-4290-B54C-1712F63F7275}.Release|Any CPU.Build.0 = Release|Any CPU
		{82C3EB82-5284-4D80-B9FA-6FFE4BD560DE}.Debug|Any CPU.ActiveCfg = Debug|Any CPU
		{82C3EB82-5284-4D80-B9FA-6FFE4BD560DE}.Debug|Any CPU.Build.0 = Debug|Any CPU
		{82C3EB82-5284-4D80-B9FA-6FFE4BD560DE}.Release|Any CPU.ActiveCfg = Release|Any CPU
		{82C3EB82-5284-4D80-B9FA-6FFE4BD560DE}.Release|Any CPU.Build.0 = Release|Any CPU
		{E39EEB98-6A7F-4C70-A327-956094E61FD3}.Debug|Any CPU.ActiveCfg = Debug|Any CPU
		{E39EEB98-6A7F-4C70-A327-956094E61FD3}.Debug|Any CPU.Build.0 = Debug|Any CPU
		{E39EEB98-6A7F-4C70-A327-956094E61FD3}.Release|Any CPU.ActiveCfg = Release|Any CPU
		{E39EEB98-6A7F-4C70-A327-956094E61FD3}.Release|Any CPU.Build.0 = Release|Any CPU
		{2B2A5FF1-1009-4207-B04B-6C11A0E4313C}.Debug|Any CPU.ActiveCfg = Debug|Any CPU
		{2B2A5FF1-1009-4207-B04B-6C11A0E4313C}.Debug|Any CPU.Build.0 = Debug|Any CPU
		{2B2A5FF1-1009-4207-B04B-6C11A0E4313C}.Release|Any CPU.ActiveCfg = Release|Any CPU
		{2B2A5FF1-1009-4207-B04B-6C11A0E4313C}.Release|Any CPU.Build.0 = Release|Any CPU
		{B20379FE-3E01-4CF1-B846-BFCD45035B4C}.Debug|Any CPU.ActiveCfg = Debug|Any CPU
		{B20379FE-3E01-4CF1-B846-BFCD45035B4C}.Debug|Any CPU.Build.0 = Debug|Any CPU
		{B20379FE-3E01-4CF1-B846-BFCD45035B4C}.Release|Any CPU.ActiveCfg = Release|Any CPU
		{B20379FE-3E01-4CF1-B846-BFCD45035B4C}.Release|Any CPU.Build.0 = Release|Any CPU
		{78781E61-F112-41E0-9EFD-CE46503F5F4F}.Debug|Any CPU.ActiveCfg = Debug|Any CPU
		{78781E61-F112-41E0-9EFD-CE46503F5F4F}.Debug|Any CPU.Build.0 = Debug|Any CPU
		{78781E61-F112-41E0-9EFD-CE46503F5F4F}.Release|Any CPU.ActiveCfg = Release|Any CPU
		{78781E61-F112-41E0-9EFD-CE46503F5F4F}.Release|Any CPU.Build.0 = Release|Any CPU
		{2A33E5AA-7330-432C-B7CC-5C7B1570B3DC}.Debug|Any CPU.ActiveCfg = Debug|Any CPU
		{2A33E5AA-7330-432C-B7CC-5C7B1570B3DC}.Debug|Any CPU.Build.0 = Debug|Any CPU
		{2A33E5AA-7330-432C-B7CC-5C7B1570B3DC}.Release|Any CPU.ActiveCfg = Release|Any CPU
		{2A33E5AA-7330-432C-B7CC-5C7B1570B3DC}.Release|Any CPU.Build.0 = Release|Any CPU
		{4ADBAF4D-D267-406F-9EF3-E90C771AFFF4}.Debug|Any CPU.ActiveCfg = Debug|Any CPU
		{4ADBAF4D-D267-406F-9EF3-E90C771AFFF4}.Debug|Any CPU.Build.0 = Debug|Any CPU
		{4ADBAF4D-D267-406F-9EF3-E90C771AFFF4}.Release|Any CPU.ActiveCfg = Release|Any CPU
		{4ADBAF4D-D267-406F-9EF3-E90C771AFFF4}.Release|Any CPU.Build.0 = Release|Any CPU
		{EDF9A618-83FE-4061-AFDC-57D20ADDD959}.Debug|Any CPU.ActiveCfg = Debug|Any CPU
		{EDF9A618-83FE-4061-AFDC-57D20ADDD959}.Debug|Any CPU.Build.0 = Debug|Any CPU
		{EDF9A618-83FE-4061-AFDC-57D20ADDD959}.Release|Any CPU.ActiveCfg = Release|Any CPU
		{EDF9A618-83FE-4061-AFDC-57D20ADDD959}.Release|Any CPU.Build.0 = Release|Any CPU
		{9425B5A0-53BF-43F0-A328-56B1635FB7C9}.Debug|Any CPU.ActiveCfg = Debug|Any CPU
		{9425B5A0-53BF-43F0-A328-56B1635FB7C9}.Debug|Any CPU.Build.0 = Debug|Any CPU
		{9425B5A0-53BF-43F0-A328-56B1635FB7C9}.Release|Any CPU.ActiveCfg = Release|Any CPU
		{9425B5A0-53BF-43F0-A328-56B1635FB7C9}.Release|Any CPU.Build.0 = Release|Any CPU
	EndGlobalSection
	GlobalSection(SolutionProperties) = preSolution
		HideSolutionNode = FALSE
	EndGlobalSection
	GlobalSection(NestedProjects) = preSolution
		{B59DD8F5-041C-4290-B54C-1712F63F7275} = {75CD9000-843E-4BE7-9907-1AA389210E21}
		{82C3EB82-5284-4D80-B9FA-6FFE4BD560DE} = {75CD9000-843E-4BE7-9907-1AA389210E21}
		{E39EEB98-6A7F-4C70-A327-956094E61FD3} = {75CD9000-843E-4BE7-9907-1AA389210E21}
		{2B2A5FF1-1009-4207-B04B-6C11A0E4313C} = {1EF7446E-09E3-4C5A-934A-D16E9243D21C}
		{B20379FE-3E01-4CF1-B846-BFCD45035B4C} = {60FD1904-594A-4FFC-96B4-D9BD583E6774}
		{78781E61-F112-41E0-9EFD-CE46503F5F4F} = {60FD1904-594A-4FFC-96B4-D9BD583E6774}
		{2A33E5AA-7330-432C-B7CC-5C7B1570B3DC} = {60FD1904-594A-4FFC-96B4-D9BD583E6774}
		{ADD4EF37-2AA5-483D-84D4-235F54198459} = {75CD9000-843E-4BE7-9907-1AA389210E21}
		{4ADBAF4D-D267-406F-9EF3-E90C771AFFF4} = {1EF7446E-09E3-4C5A-934A-D16E9243D21C}
		{EDF9A618-83FE-4061-AFDC-57D20ADDD959} = {ADD4EF37-2AA5-483D-84D4-235F54198459}
		{9425B5A0-53BF-43F0-A328-56B1635FB7C9} = {60FD1904-594A-4FFC-96B4-D9BD583E6774}
	EndGlobalSection
	GlobalSection(ExtensibilityGlobals) = postSolution
		SolutionGuid = {B2C3128F-F1DD-419B-978F-EB1389933843}
	EndGlobalSection
EndGlobal
